
Microsoft Visual Studio Solution File, Format Version 12.00
# Visual Studio Version 16
VisualStudioVersion = 16.0.31112.23
MinimumVisualStudioVersion = 10.0.40219.1
Project("{FAE04EC0-301F-11D3-BF4B-00C04F79EFBC}") = "Nanogame", "Nanogame\Nanogame.csproj", "{B21E2F24-1607-4829-8EDC-95341A0520BF}"
EndProject
Global
	GlobalSection(SolutionConfigurationPlatforms) = preSolution
		Debug|Any CPU = Debug|Any CPU
		Release|Any CPU = Release|Any CPU
	EndGlobalSection
	GlobalSection(ProjectConfigurationPlatforms) = postSolution
		{B21E2F24-1607-4829-8EDC-95341A0520BF}.Debug|Any CPU.ActiveCfg = Debug|Any CPU
		{B21E2F24-1607-4829-8EDC-95341A0520BF}.Debug|Any CPU.Build.0 = Debug|Any CPU
		{B21E2F24-1607-4829-8EDC-95341A0520BF}.Release|Any CPU.ActiveCfg = Release|Any CPU
		{B21E2F24-1607-4829-8EDC-95341A0520BF}.Release|Any CPU.Build.0 = Release|Any CPU
	EndGlobalSection
	GlobalSection(SolutionProperties) = preSolution
		HideSolutionNode = FALSE
	EndGlobalSection
	GlobalSection(ExtensibilityGlobals) = postSolution
		SolutionGuid = {C2AC3020-AEF7-49AA-A119-51EEAEF6BA3F}
	EndGlobalSection
EndGlobal
